
Microsoft Visual Studio Solution File, Format Version 12.00
# Visual Studio Version 16
VisualStudioVersion = 16.0.30717.126
MinimumVisualStudioVersion = 10.0.40219.1
Project("{FAE04EC0-301F-11D3-BF4B-00C04F79EFBC}") = "FinalEvent", "FinalEvent\FinalEvent.csproj", "{224515C0-E54E-46C9-A41B-0F2CDB988634}"
EndProject
Global
	GlobalSection(SolutionConfigurationPlatforms) = preSolution
		Debug|Any CPU = Debug|Any CPU
		Release|Any CPU = Release|Any CPU
	EndGlobalSection
	GlobalSection(ProjectConfigurationPlatforms) = postSolution
		{224515C0-E54E-46C9-A41B-0F2CDB988634}.Debug|Any CPU.ActiveCfg = Debug|Any CPU
		{224515C0-E54E-46C9-A41B-0F2CDB988634}.Debug|Any CPU.Build.0 = Debug|Any CPU
		{224515C0-E54E-46C9-A41B-0F2CDB988634}.Release|Any CPU.ActiveCfg = Release|Any CPU
		{224515C0-E54E-46C9-A41B-0F2CDB988634}.Release|Any CPU.Build.0 = Release|Any CPU
	EndGlobalSection
	GlobalSection(SolutionProperties) = preSolution
		HideSolutionNode = FALSE
	EndGlobalSection
	GlobalSection(ExtensibilityGlobals) = postSolution
		SolutionGuid = {92B91600-B5EB-47B8-A5C3-96B378B0BD00}
	EndGlobalSection
EndGlobal
